<?xml version="1.0" encoding="UTF-8"?>
<CONFIG>
  <ProjectOptions>
    <Version Value="11"/>
    <General>
      <MainUnit Value="0"/>
      <Title Value="LazScope"/>
      <ResourceType Value="res"/>
      <UseXPManifest Value="True"/>
      <Icon Value="0"/>
    </General>
    <i18n>
      <EnableI18N LFM="False"/>
    </i18n>
    <BuildModes Count="2" Active="Release">
      <Item1 Name="Release" Default="True"/>
      <Item2 Name="Default1">
        <CompilerOptions>
          <Version Value="11"/>
          <Target>
            <Filename Value="LazScope"/>
          </Target>
          <SearchPaths>
            <IncludeFiles Value="$(ProjOutDir)"/>
            <OtherUnitFiles Value="../shared;../Synaser/source/lib"/>
            <UnitOutputDirectory Value="lib/$(TargetCPU)-$(TargetOS)"/>
          </SearchPaths>
          <CodeGeneration>
            <Checks>
              <IOChecks Value="True"/>
              <RangeChecks Value="True"/>
              <OverflowChecks Value="True"/>
              <StackChecks Value="True"/>
            </Checks>
          </CodeGeneration>
          <Linking>
            <Debugging>
              <UseHeaptrc Value="True"/>
              <StripSymbols Value="True"/>
            </Debugging>
            <Options>
              <Win32>
                <GraphicApplication Value="True"/>
              </Win32>
            </Options>
          </Linking>
        </CompilerOptions>
      </Item2>
    </BuildModes>
    <PublishOptions>
      <Version Value="2"/>
    </PublishOptions>
    <RunParams>
      <FormatVersion Value="2"/>
      <Modes Count="1">
        <Mode0 Name="default"/>
      </Modes>
    </RunParams>
    <RequiredPackages Count="2">
      <Item1>
        <PackageName Value="TAChartLazarusPkg"/>
        <MinVersion Major="1" Valid="True"/>
      </Item1>
      <Item2>
        <PackageName Value="LCL"/>
      </Item2>
    </RequiredPackages>
    <Units Count="25">
      <Unit0>
        <Filename Value="LazScope.lpr"/>
        <IsPartOfProject Value="True"/>
        <EditorIndex Value="2"/>
        <TopLine Value="2"/>
        <CursorPos Y="20"/>
        <UsageCount Value="201"/>
        <Loaded Value="True"/>
      </Unit0>
      <Unit1>
        <Filename Value="../unit1.pas"/>
        <IsPartOfProject Value="True"/>
        <ComponentName Value="Form1"/>
        <HasResources Value="True"/>
        <ResourceBaseClass Value="Form"/>
        <UnitName Value="Unit1"/>
        <EditorIndex Value="-1"/>
        <CursorPos X="34" Y="19"/>
        <UsageCount Value="201"/>
      </Unit1>
      <Unit2>
        <Filename Value="/usr/share/fpcsrc/2.4.4/rtl/unix/serial.pp"/>
        <TopLine Value="96"/>
        <CursorPos X="33" Y="123"/>
        <UsageCount Value="37"/>
      </Unit2>
      <Unit3>
        <Filename Value="/usr/share/fpcsrc/2.4.4/rtl/linux/termios.inc"/>
        <TopLine Value="284"/>
        <CursorPos X="9" Y="304"/>
        <UsageCount Value="30"/>
      </Unit3>
      <Unit4>
        <Filename Value="/usr/share/fpcsrc/2.4.4/rtl/linux/termiosproc.inc"/>
        <TopLine Value="74"/>
        <CursorPos X="26" Y="80"/>
        <UsageCount Value="28"/>
      </Unit4>
      <Unit5>
        <Filename Value="/usr/share/fpcsrc/2.4.4/rtl/unix/termiosh.inc"/>
        <CursorPos X="11" Y="29"/>
        <UsageCount Value="28"/>
      </Unit5>
      <Unit6>
        <Filename Value="maingui.pas"/>
        <ComponentName Value="Form1"/>
        <HasResources Value="True"/>
        <ResourceBaseClass Value="Form"/>
        <UnitName Value="mainGUI"/>
        <IsVisibleTab Value="True"/>
        <CursorPos X="47" Y="2"/>
        <UsageCount Value="101"/>
        <Loaded Value="True"/>
        <LoadedDesigner Value="True"/>
      </Unit6>
      <Unit7>
        <Filename Value="/usr/share/fpcsrc/2.4.4/rtl/inc/systemh.inc"/>
        <TopLine Value="281"/>
        <CursorPos X="3" Y="301"/>
        <UsageCount Value="28"/>
      </Unit7>
      <Unit8>
        <Filename Value="../Synaser/source/lib/synaser.pas"/>
        <IsPartOfProject Value="True"/>
        <EditorIndex Value="-1"/>
        <TopLine Value="2223"/>
        <CursorPos Y="2227"/>
        <UsageCount Value="211"/>
        <Bookmarks Count="2">
          <Item0 X="5" Y="1701" ID="1"/>
          <Item1 X="35" Y="1662" ID="2"/>
        </Bookmarks>
      </Unit8>
      <Unit9>
        <Filename Value="/usr/lib/lazarus/0.9.30.2/lcl/colorbox.pas"/>
        <UsageCount Value="10"/>
      </Unit9>
      <Unit10>
        <Filename Value="/usr/lib/lazarus/0.9.30.2/components/tachart/demo/basic/unit1.pas"/>
        <UsageCount Value="10"/>
      </Unit10>
      <Unit11>
        <Filename Value="commands.pas"/>
        <UnitName Value="Commands"/>
        <EditorIndex Value="-1"/>
        <TopLine Value="31"/>
        <CursorPos X="3" Y="40"/>
        <UsageCount Value="200"/>
      </Unit11>
      <Unit12>
        <Filename Value="serialthread.pas"/>
        <IsPartOfProject Value="True"/>
        <UnitName Value="SerialThread"/>
        <EditorIndex Value="1"/>
        <TopLine Value="180"/>
        <CursorPos Y="197"/>
        <UsageCount Value="201"/>
        <Loaded Value="True"/>
      </Unit12>
      <Unit13>
        <Filename Value="/usr/share/fpcsrc/2.4.4/rtl/objpas/classes/classesh.inc"/>
        <TopLine Value="1488"/>
        <CursorPos X="15" Y="1510"/>
        <UsageCount Value="10"/>
      </Unit13>
      <Unit14>
        <Filename Value="epiktimer.pas"/>
        <IsPartOfProject Value="True"/>
        <TopLine Value="736"/>
        <CursorPos X="22" Y="774"/>
        <UsageCount Value="201"/>
      </Unit14>
      <Unit15>
        <Filename Value="synaser7.005.002.patch"/>
        <CursorPos X="12" Y="11"/>
        <UsageCount Value="205"/>
        <DefaultSyntaxHighlighter Value="None"/>
      </Unit15>
      <Unit16>
        <Filename Value="../../lazarus/lcl/include/winapi.inc"/>
        <TopLine Value="720"/>
        <CursorPos Y="741"/>
        <UsageCount Value="1"/>
      </Unit16>
      <Unit17>
        <Filename Value="../../fpc-2.6.2/rtl/objpas/objpas.pp"/>
        <TopLine Value="7"/>
        <CursorPos X="22" Y="28"/>
        <UsageCount Value="1"/>
      </Unit17>
      <Unit18>
        <Filename Value="../../fpc-2.6.2/rtl/objpas/classes/classesh.inc"/>
        <TopLine Value="1566"/>
        <CursorPos X="15" Y="1609"/>
        <UsageCount Value="1"/>
      </Unit18>
      <Unit19>
        <Filename Value="../../fpc-2.6.2/rtl/unix/tthread.inc"/>
        <TopLine Value="297"/>
        <CursorPos X="3" Y="299"/>
        <UsageCount Value="1"/>
      </Unit19>
      <Unit20>
        <Filename Value="../../lazarus/components/tachart/tachartutils.pas"/>
        <TopLine Value="113"/>
        <CursorPos X="14" Y="134"/>
        <UsageCount Value="3"/>
      </Unit20>
      <Unit21>
        <Filename Value="../../lazarus/components/tachart/tagraph.pas"/>
        <UnitName Value="TAGraph"/>
        <EditorIndex Value="-1"/>
        <TopLine Value="1047"/>
        <CursorPos X="3" Y="1050"/>
        <UsageCount Value="4"/>
      </Unit21>
      <Unit22>
        <Filename Value="../Synaser/source/lib/synautil.pas"/>
        <EditorIndex Value="-1"/>
        <TopLine Value="645"/>
        <CursorPos X="27" Y="679"/>
        <UsageCount Value="10"/>
      </Unit22>
      <Unit23>
        <Filename Value="../shared/commands.pas"/>
        <IsPartOfProject Value="True"/>
        <EditorIndex Value="3"/>
        <TopLine Value="36"/>
        <CursorPos Y="54"/>
        <UsageCount Value="20"/>
        <Loaded Value="True"/>
      </Unit23>
      <Unit24>
        <Filename Value="../../Synaser/source/lib/synaser7.005.002.patch"/>
        <EditorIndex Value="-1"/>
        <WindowIndex Value="-1"/>
        <TopLine Value="-1"/>
        <CursorPos X="-1" Y="-1"/>
        <UsageCount Value="20"/>
        <DefaultSyntaxHighlighter Value="None"/>
      </Unit24>
    </Units>
    <JumpHistory Count="30" HistoryIndex="29">
      <Position1>
        <Filename Value="maingui.pas"/>
        <Caret Line="253" Column="26" TopLine="247"/>
      </Position1>
      <Position2>
        <Filename Value="maingui.pas"/>
        <Caret Line="258" Column="26" TopLine="247"/>
      </Position2>
      <Position3>
        <Filename Value="maingui.pas"/>
        <Caret Line="257" Column="26" TopLine="247"/>
      </Position3>
      <Position4>
        <Filename Value="maingui.pas"/>
        <Caret Line="61" Column="28" TopLine="53"/>
      </Position4>
      <Position5>
        <Filename Value="maingui.pas"/>
        <Caret Line="302" TopLine="287"/>
      </Position5>
      <Position6>
        <Filename Value="maingui.pas"/>
        <Caret Line="283" TopLine="273"/>
      </Position6>
      <Position7>
        <Filename Value="maingui.pas"/>
        <Caret Line="292" TopLine="283"/>
      </Position7>
      <Position8>
        <Filename Value="maingui.pas"/>
        <Caret Line="283" TopLine="274"/>
      </Position8>
      <Position9>
        <Filename Value="maingui.pas"/>
        <Caret Line="292" TopLine="283"/>
      </Position9>
      <Position10>
        <Filename Value="maingui.pas"/>
        <Caret Line="293" TopLine="283"/>
      </Position10>
      <Position11>
        <Filename Value="maingui.pas"/>
        <Caret Line="294" TopLine="283"/>
      </Position11>
      <Position12>
        <Filename Value="maingui.pas"/>
        <Caret Line="295" TopLine="283"/>
      </Position12>
      <Position13>
        <Filename Value="maingui.pas"/>
        <Caret Line="192" Column="15" TopLine="185"/>
      </Position13>
      <Position14>
        <Filename Value="maingui.pas"/>
        <Caret Line="191" Column="15" TopLine="184"/>
      </Position14>
      <Position15>
        <Filename Value="maingui.pas"/>
        <Caret Line="147" Column="3" TopLine="135"/>
      </Position15>
      <Position16>
        <Filename Value="maingui.pas"/>
        <Caret Line="144" Column="18" TopLine="136"/>
      </Position16>
      <Position17>
        <Filename Value="maingui.pas"/>
        <Caret Line="10" Column="18"/>
      </Position17>
      <Position18>
        <Filename Value="../shared/commands.pas"/>
        <Caret Line="16" Column="22"/>
      </Position18>
      <Position19>
        <Filename Value="maingui.pas"/>
        <Caret Line="369" Column="14" TopLine="362"/>
      </Position19>
      <Position20>
        <Filename Value="maingui.pas"/>
        <Caret Line="64" Column="19" TopLine="57"/>
      </Position20>
      <Position21>
        <Filename Value="maingui.pas"/>
        <Caret Line="360" Column="3" TopLine="354"/>
      </Position21>
      <Position22>
        <Filename Value="serialthread.pas"/>
        <Caret Line="11" Column="30"/>
      </Position22>
      <Position23>
        <Filename Value="serialthread.pas"/>
        <Caret Line="94" Column="9" TopLine="81"/>
      </Position23>
      <Position24>
        <Filename Value="../shared/commands.pas"/>
        <Caret Line="24" Column="13" TopLine="14"/>
      </Position24>
      <Position25>
        <Filename Value="../shared/commands.pas"/>
        <Caret Line="25" Column="15" TopLine="16"/>
      </Position25>
      <Position26>
        <Filename Value="maingui.pas"/>
        <Caret Line="206" Column="15" TopLine="198"/>
      </Position26>
      <Position27>
        <Filename Value="maingui.pas"/>
        <Caret Line="86" Column="10" TopLine="77"/>
      </Position27>
      <Position28>
        <Filename Value="maingui.pas"/>
        <Caret Line="206" Column="20" TopLine="197"/>
      </Position28>
      <Position29>
        <Filename Value="../shared/commands.pas"/>
        <Caret Line="26" Column="3" TopLine="16"/>
      </Position29>
      <Position30>
        <Filename Value="LazScope.lpr"/>
        <Caret Line="15" Column="64" TopLine="2"/>
      </Position30>
    </JumpHistory>
  </ProjectOptions>
  <CompilerOptions>
    <Version Value="11"/>
    <Target>
      <Filename Value="LazScope"/>
    </Target>
    <SearchPaths>
      <IncludeFiles Value="$(ProjOutDir)"/>
      <OtherUnitFiles Value="../shared;../Synaser/source/lib"/>
      <UnitOutputDirectory Value="lib/$(TargetCPU)-$(TargetOS)"/>
    </SearchPaths>
    <Parsing>
      <SyntaxOptions>
        <IncludeAssertionCode Value="True"/>
      </SyntaxOptions>
    </Parsing>
    <CodeGeneration>
      <SmartLinkUnit Value="True"/>
      <Checks>
        <IOChecks Value="True"/>
        <RangeChecks Value="True"/>
        <OverflowChecks Value="True"/>
        <StackChecks Value="True"/>
      </Checks>
      <VerifyObjMethodCallValidity Value="True"/>
    </CodeGeneration>
    <Linking>
      <LinkSmart Value="True"/>
      <Options>
        <Win32>
          <GraphicApplication Value="True"/>
        </Win32>
      </Options>
    </Linking>
  </CompilerOptions>
  <Debugging>
    <Watches Count="3">
      <Item1>
        <Expression Value="reply"/>
      </Item1>
      <Item2>
        <Expression Value="cmd"/>
      </Item2>
      <Item3>
        <Expression Value="buf"/>
      </Item3>
    </Watches>
    <Exceptions Count="3">
      <Item1>
        <Name Value="EAbort"/>
      </Item1>
      <Item2>
        <Name Value="ECodetoolError"/>
      </Item2>
      <Item3>
        <Name Value="EFOpenError"/>
      </Item3>
    </Exceptions>
  </Debugging>
</CONFIG>
