<?xml version="1.0" encoding="UTF-8"?>
<CONFIG>
  <ProjectOptions>
    <Version Value="12"/>
    <General>
      <Flags>
        <CompatibilityMode Value="True"/>
      </Flags>
      <Title Value="LazScope"/>
      <ResourceType Value="res"/>
      <UseXPManifest Value="True"/>
      <Icon Value="0"/>
    </General>
    <i18n>
      <EnableI18N LFM="False"/>
    </i18n>
    <BuildModes Count="6" Active="Release-Linux64">
      <Item1 Name="Release-Linux64" Default="True"/>
      <Item2 Name="Default1">
        <CompilerOptions>
          <Version Value="11"/>
          <Target>
            <Filename Value="LazScope"/>
          </Target>
          <SearchPaths>
            <IncludeFiles Value="$(ProjOutDir)"/>
            <OtherUnitFiles Value="../shared"/>
            <UnitOutputDirectory Value="lib/$(TargetCPU)-$(TargetOS)"/>
          </SearchPaths>
          <CodeGeneration>
            <Checks>
              <IOChecks Value="True"/>
              <RangeChecks Value="True"/>
              <OverflowChecks Value="True"/>
              <StackChecks Value="True"/>
            </Checks>
          </CodeGeneration>
          <Linking>
            <Debugging>
              <UseHeaptrc Value="True"/>
              <StripSymbols Value="True"/>
            </Debugging>
            <Options>
              <Win32>
                <GraphicApplication Value="True"/>
              </Win32>
            </Options>
          </Linking>
        </CompilerOptions>
      </Item2>
      <Item3 Name="3.3.1">
        <CompilerOptions>
          <Version Value="11"/>
          <Target>
            <Filename Value="LazScope"/>
          </Target>
          <SearchPaths>
            <IncludeFiles Value="$(ProjOutDir)"/>
            <OtherUnitFiles Value="../shared"/>
            <UnitOutputDirectory Value="lib/$(TargetCPU)-$(TargetOS)"/>
          </SearchPaths>
          <Parsing>
            <SyntaxOptions>
              <IncludeAssertionCode Value="True"/>
            </SyntaxOptions>
          </Parsing>
          <CodeGeneration>
            <Checks>
              <IOChecks Value="True"/>
              <RangeChecks Value="True"/>
              <OverflowChecks Value="True"/>
              <StackChecks Value="True"/>
            </Checks>
            <VerifyObjMethodCallValidity Value="True"/>
          </CodeGeneration>
          <Linking>
            <Debugging>
              <DebugInfoType Value="dsDwarf3"/>
            </Debugging>
            <Options>
              <Win32>
                <GraphicApplication Value="True"/>
              </Win32>
            </Options>
          </Linking>
          <Other>
            <ConfigFile>
              <DontUseConfigFile Value="True"/>
              <CustomConfigFile Value="True"/>
              <ConfigFilePath Value="/home/christo/fpc/3.3.1/fpc.cfg"/>
            </ConfigFile>
            <CompilerPath Value="/home/christo/fpc/3.3.1/compiler/ppcx64"/>
          </Other>
        </CompilerOptions>
      </Item3>
      <Item4 Name="Release-Linux32">
        <CompilerOptions>
          <Version Value="11"/>
          <Target>
            <Filename Value="LazScope-$(TargetCPU)-$(TargetOS)"/>
          </Target>
          <SearchPaths>
            <IncludeFiles Value="$(ProjOutDir)"/>
            <OtherUnitFiles Value="../shared"/>
            <UnitOutputDirectory Value="lib/$(TargetCPU)-$(TargetOS)"/>
          </SearchPaths>
          <CodeGeneration>
            <SmartLinkUnit Value="True"/>
            <TargetCPU Value="i386"/>
            <TargetOS Value="linux"/>
            <Optimizations>
              <OptimizationLevel Value="3"/>
            </Optimizations>
          </CodeGeneration>
          <Linking>
            <Debugging>
              <GenerateDebugInfo Value="False"/>
            </Debugging>
            <LinkSmart Value="True"/>
            <Options>
              <Win32>
                <GraphicApplication Value="True"/>
              </Win32>
            </Options>
          </Linking>
        </CompilerOptions>
      </Item4>
      <Item5 Name="Release-Win32">
        <CompilerOptions>
          <Version Value="11"/>
          <Target>
            <Filename Value="LazScope-$(TargetCPU)-$(TargetOS)"/>
          </Target>
          <SearchPaths>
            <IncludeFiles Value="$(ProjOutDir)"/>
            <OtherUnitFiles Value="../shared"/>
            <UnitOutputDirectory Value="lib/$(TargetCPU)-$(TargetOS)"/>
          </SearchPaths>
          <CodeGeneration>
            <SmartLinkUnit Value="True"/>
            <TargetCPU Value="i386"/>
            <TargetOS Value="win32"/>
            <Optimizations>
              <OptimizationLevel Value="3"/>
            </Optimizations>
          </CodeGeneration>
          <Linking>
            <Debugging>
              <GenerateDebugInfo Value="False"/>
            </Debugging>
            <LinkSmart Value="True"/>
            <Options>
              <Win32>
                <GraphicApplication Value="True"/>
              </Win32>
            </Options>
          </Linking>
        </CompilerOptions>
      </Item5>
      <Item6 Name="Release-Win64">
        <CompilerOptions>
          <Version Value="11"/>
          <Target>
            <Filename Value="LazScope-$(TargetCPU)-$(TargetOS)"/>
          </Target>
          <SearchPaths>
            <IncludeFiles Value="$(ProjOutDir)"/>
            <OtherUnitFiles Value="../shared"/>
            <UnitOutputDirectory Value="lib/$(TargetCPU)-$(TargetOS)"/>
          </SearchPaths>
          <CodeGeneration>
            <SmartLinkUnit Value="True"/>
            <TargetCPU Value="x86_64"/>
            <TargetOS Value="win64"/>
            <Optimizations>
              <OptimizationLevel Value="3"/>
            </Optimizations>
          </CodeGeneration>
          <Linking>
            <Debugging>
              <GenerateDebugInfo Value="False"/>
            </Debugging>
            <LinkSmart Value="True"/>
            <Options>
              <Win32>
                <GraphicApplication Value="True"/>
              </Win32>
            </Options>
          </Linking>
        </CompilerOptions>
      </Item6>
    </BuildModes>
    <PublishOptions>
      <Version Value="2"/>
    </PublishOptions>
    <RunParams>
      <FormatVersion Value="2"/>
      <Modes Count="1">
        <Mode0 Name="default"/>
      </Modes>
    </RunParams>
    <RequiredPackages Count="2">
      <Item1>
        <PackageName Value="TAChartLazarusPkg"/>
        <MinVersion Major="1" Valid="True"/>
      </Item1>
      <Item2>
        <PackageName Value="LCL"/>
      </Item2>
    </RequiredPackages>
    <Units Count="27">
      <Unit0>
        <Filename Value="LazScope.lpr"/>
        <IsPartOfProject Value="True"/>
        <EditorIndex Value="2"/>
        <CursorPos Y="18"/>
        <UsageCount Value="201"/>
        <Loaded Value="True"/>
      </Unit0>
      <Unit1>
        <Filename Value="../unit1.pas"/>
        <ComponentName Value="Form1"/>
        <HasResources Value="True"/>
        <ResourceBaseClass Value="Form"/>
        <UnitName Value="Unit1"/>
        <EditorIndex Value="-1"/>
        <CursorPos X="34" Y="19"/>
        <UsageCount Value="201"/>
      </Unit1>
      <Unit2>
        <Filename Value="maingui.pas"/>
        <ComponentName Value="Form1"/>
        <HasResources Value="True"/>
        <ResourceBaseClass Value="Form"/>
        <UnitName Value="mainGUI"/>
        <IsVisibleTab Value="True"/>
        <TopLine Value="332"/>
        <CursorPos X="16" Y="337"/>
        <UsageCount Value="101"/>
        <Bookmarks Count="2">
          <Item0 X="3" Y="536" ID="2"/>
          <Item1 X="3" Y="357" ID="1"/>
        </Bookmarks>
        <Loaded Value="True"/>
        <LoadedDesigner Value="True"/>
      </Unit2>
      <Unit3>
        <Filename Value="../Synaser/source/lib/synaser.pas"/>
        <EditorIndex Value="-1"/>
        <TopLine Value="203"/>
        <CursorPos Y="221"/>
        <UsageCount Value="148"/>
        <Bookmarks Count="2">
          <Item0 X="5" Y="1701" ID="1"/>
          <Item1 X="35" Y="1662" ID="2"/>
        </Bookmarks>
      </Unit3>
      <Unit4>
        <Filename Value="commands.pas"/>
        <UnitName Value="Commands"/>
        <EditorIndex Value="-1"/>
        <TopLine Value="31"/>
        <CursorPos X="3" Y="40"/>
        <UsageCount Value="121"/>
      </Unit4>
      <Unit5>
        <Filename Value="serialthread.pas"/>
        <IsPartOfProject Value="True"/>
        <UnitName Value="SerialThread"/>
        <EditorIndex Value="1"/>
        <UsageCount Value="201"/>
        <Loaded Value="True"/>
      </Unit5>
      <Unit6>
        <Filename Value="epiktimer.pas"/>
        <IsPartOfProject Value="True"/>
        <UnitName Value="EpikTimer"/>
        <EditorIndex Value="-1"/>
        <TopLine Value="555"/>
        <CursorPos X="3" Y="561"/>
        <UsageCount Value="201"/>
      </Unit6>
      <Unit7>
        <Filename Value="synaser7.005.002.patch"/>
        <CursorPos X="12" Y="11"/>
        <UsageCount Value="126"/>
        <DefaultSyntaxHighlighter Value="None"/>
      </Unit7>
      <Unit8>
        <Filename Value="../shared/commands.pas"/>
        <IsPartOfProject Value="True"/>
        <EditorIndex Value="4"/>
        <TopLine Value="46"/>
        <CursorPos X="3" Y="55"/>
        <UsageCount Value="210"/>
        <Loaded Value="True"/>
      </Unit8>
      <Unit9>
        <Filename Value="../../../fpc/3.0.4/packages/rtl-extra/src/unix/serial.pp"/>
        <UnitName Value="Serial"/>
        <EditorIndex Value="-1"/>
        <TopLine Value="22"/>
        <UsageCount Value="5"/>
      </Unit9>
      <Unit10>
        <Filename Value="serialobject.pas"/>
        <IsPartOfProject Value="True"/>
        <EditorIndex Value="3"/>
        <TopLine Value="66"/>
        <CursorPos X="21" Y="66"/>
        <UsageCount Value="201"/>
        <Loaded Value="True"/>
      </Unit10>
      <Unit11>
        <Filename Value="../../../fpc/3.0.4/rtl/objpas/classes/classesh.inc"/>
        <EditorIndex Value="-1"/>
        <TopLine Value="1674"/>
        <CursorPos X="21" Y="1682"/>
        <UsageCount Value="58"/>
      </Unit11>
      <Unit12>
        <Filename Value="../../../fpc/3.0.4/rtl/inc/threadh.inc"/>
        <EditorIndex Value="-1"/>
        <TopLine Value="164"/>
        <CursorPos X="11" Y="178"/>
        <UsageCount Value="63"/>
      </Unit12>
      <Unit13>
        <Filename Value="../../../fpc/3.0.4/rtl/inc/thread.inc"/>
        <EditorIndex Value="-1"/>
        <TopLine Value="310"/>
        <CursorPos X="3" Y="313"/>
        <UsageCount Value="63"/>
      </Unit13>
      <Unit14>
        <Filename Value="../../../fpc/3.2.0/packages/rtl-extra/src/unix/serial.pp"/>
        <UnitName Value="Serial"/>
        <EditorIndex Value="-1"/>
        <TopLine Value="46"/>
        <CursorPos X="50" Y="45"/>
        <UsageCount Value="87"/>
      </Unit14>
      <Unit15>
        <Filename Value="../../../fpc/3.2.0/rtl/unix/tthread.inc"/>
        <EditorIndex Value="-1"/>
        <TopLine Value="253"/>
        <CursorPos X="3" Y="255"/>
        <UsageCount Value="29"/>
      </Unit15>
      <Unit16>
        <Filename Value="../../../fpc/3.2.0/rtl/unix/bunxovlh.inc"/>
        <EditorIndex Value="-1"/>
        <TopLine Value="38"/>
        <CursorPos X="11" Y="52"/>
        <UsageCount Value="70"/>
      </Unit16>
      <Unit17>
        <Filename Value="../../../fpc/3.2.0/rtl/unix/bunxovl.inc"/>
        <EditorIndex Value="-1"/>
        <TopLine Value="219"/>
        <CursorPos X="10" Y="223"/>
        <UsageCount Value="70"/>
      </Unit17>
      <Unit18>
        <Filename Value="../../../fpc/3.2.0/rtl/linux/bunxsysc.inc"/>
        <EditorIndex Value="-1"/>
        <TopLine Value="442"/>
        <CursorPos X="10" Y="458"/>
        <UsageCount Value="70"/>
      </Unit18>
      <Unit19>
        <Filename Value="../../../lazarus/2.0.12/lcl/forms.pp"/>
        <UnitName Value="Forms"/>
        <EditorIndex Value="-1"/>
        <TopLine Value="63"/>
        <CursorPos X="3" Y="70"/>
        <UsageCount Value="34"/>
      </Unit19>
      <Unit20>
        <Filename Value="../../../.fpc.cfg"/>
        <EditorIndex Value="-1"/>
        <TopLine Value="110"/>
        <CursorPos X="2" Y="121"/>
        <UsageCount Value="16"/>
        <DefaultSyntaxHighlighter Value="None"/>
      </Unit20>
      <Unit21>
        <Filename Value="../../../lazarus/2.0.12/lcl/interfaces/gtk2/gtk2disableliboverlay.pas"/>
        <UnitName Value="gtk2DisableLibOverlay"/>
        <EditorIndex Value="-1"/>
        <TopLine Value="4"/>
        <CursorPos X="12" Y="11"/>
        <UsageCount Value="5"/>
      </Unit21>
      <Unit22>
        <Filename Value="../firmware/sampler.lpr"/>
        <EditorIndex Value="-1"/>
        <TopLine Value="295"/>
        <CursorPos X="14" Y="296"/>
        <UsageCount Value="38"/>
      </Unit22>
      <Unit23>
        <Filename Value="../../../fpc/3.2.2/rtl/inc/thread.inc"/>
        <EditorIndex Value="-1"/>
        <TopLine Value="338"/>
        <CursorPos X="3" Y="342"/>
        <UsageCount Value="93"/>
      </Unit23>
      <Unit24>
        <Filename Value="../firmware/samplesizecalc.inc"/>
        <EditorIndex Value="-1"/>
        <TopLine Value="37"/>
        <CursorPos X="70" Y="46"/>
        <UsageCount Value="38"/>
      </Unit24>
      <Unit25>
        <Filename Value="../../../fpc/3.2.2/rtl/inc/systemh.inc"/>
        <EditorIndex Value="-1"/>
        <TopLine Value="1118"/>
        <CursorPos X="10" Y="1127"/>
        <UsageCount Value="23"/>
      </Unit25>
      <Unit26>
        <Filename Value="LazScope.lpi"/>
        <EditorIndex Value="-1"/>
        <TopLine Value="531"/>
        <UsageCount Value="10"/>
        <DefaultSyntaxHighlighter Value="XML"/>
      </Unit26>
    </Units>
    <JumpHistory Count="9" HistoryIndex="8">
      <Position1>
        <Filename Value="maingui.pas"/>
        <Caret Line="370" TopLine="361"/>
      </Position1>
      <Position2>
        <Filename Value="maingui.pas"/>
        <Caret Line="372" TopLine="361"/>
      </Position2>
      <Position3>
        <Filename Value="maingui.pas"/>
        <Caret Line="373" TopLine="361"/>
      </Position3>
      <Position4>
        <Filename Value="maingui.pas"/>
        <Caret Line="364" TopLine="349"/>
      </Position4>
      <Position5>
        <Filename Value="maingui.pas"/>
        <Caret Line="365" TopLine="350"/>
      </Position5>
      <Position6>
        <Filename Value="maingui.pas"/>
        <Caret Line="366" TopLine="351"/>
      </Position6>
      <Position7>
        <Filename Value="maingui.pas"/>
        <Caret Line="369" TopLine="360"/>
      </Position7>
      <Position8>
        <Filename Value="maingui.pas"/>
        <Caret Line="89" Column="3" TopLine="78"/>
      </Position8>
      <Position9>
        <Filename Value="maingui.pas"/>
        <Caret Line="72" Column="13" TopLine="69"/>
      </Position9>
    </JumpHistory>
  </ProjectOptions>
  <CompilerOptions>
    <Version Value="11"/>
    <Target>
      <Filename Value="LazScope-$(TargetCPU)-$(TargetOS)"/>
    </Target>
    <SearchPaths>
      <IncludeFiles Value="$(ProjOutDir)"/>
      <OtherUnitFiles Value="../shared"/>
      <UnitOutputDirectory Value="lib/$(TargetCPU)-$(TargetOS)"/>
    </SearchPaths>
    <CodeGeneration>
      <SmartLinkUnit Value="True"/>
      <Checks>
        <IOChecks Value="True"/>
        <RangeChecks Value="True"/>
        <OverflowChecks Value="True"/>
        <StackChecks Value="True"/>
      </Checks>
      <TargetCPU Value="x86_64"/>
      <TargetOS Value="linux"/>
    </CodeGeneration>
    <Linking>
      <Debugging>
        <DebugInfoType Value="dsDwarf3"/>
      </Debugging>
      <LinkSmart Value="True"/>
      <Options>
        <Win32>
          <GraphicApplication Value="True"/>
        </Win32>
      </Options>
    </Linking>
    <Other>
      <ConfigFile>
        <ConfigFilePath Value=""/>
      </ConfigFile>
    </Other>
  </CompilerOptions>
  <Debugging>
    <Watches Count="1">
      <Item1 RepeatCount="20">
        <Expression Value="buf[bufsize-5]"/>
        <DisplayStyle Value="wdfMemDump"/>
      </Item1>
    </Watches>
    <Exceptions Count="4">
      <Item1>
        <Name Value="EAbort"/>
      </Item1>
      <Item2>
        <Name Value="ECodetoolError"/>
      </Item2>
      <Item3>
        <Name Value="EFOpenError"/>
      </Item3>
      <Item4>
        <Name Value="RunError(201)"/>
      </Item4>
    </Exceptions>
  </Debugging>
</CONFIG>
