<?xml version="1.0" encoding="UTF-8"?>
<CONFIG>
  <ProjectOptions>
    <Version Value="12"/>
    <General>
      <Flags>
        <MainUnitHasCreateFormStatements Value="False"/>
        <MainUnitHasTitleStatement Value="False"/>
        <MainUnitHasScaledStatement Value="False"/>
        <CompatibilityMode Value="True"/>
      </Flags>
      <SessionStorage Value="InProjectDir"/>
      <Title Value="sampler"/>
      <UseAppBundle Value="False"/>
      <ResourceType Value="res"/>
    </General>
    <BuildModes Count="4">
      <Item1 Name="tiny45" Default="True"/>
      <Item2 Name="mega328p">
        <CompilerOptions>
          <Version Value="11"/>
          <Target>
            <Filename Value="sampler" ApplyConventions="False"/>
          </Target>
          <SearchPaths>
            <IncludeFiles Value="$(ProjOutDir)"/>
            <OtherUnitFiles Value="../shared"/>
            <UnitOutputDirectory Value="lib/$(TargetCPU)-$(TargetOS)"/>
          </SearchPaths>
          <Parsing>
            <SyntaxOptions>
              <CStyleMacros Value="True"/>
            </SyntaxOptions>
          </Parsing>
          <CodeGeneration>
            <TargetCPU Value="avr"/>
            <TargetOS Value="embedded"/>
            <Optimizations>
              <OptimizationLevel Value="4"/>
            </Optimizations>
            <SmallerCode Value="True"/>
          </CodeGeneration>
          <Linking>
            <Debugging>
              <DebugInfoType Value="dsDwarf3"/>
              <UseLineInfoUnit Value="False"/>
            </Debugging>
          </Linking>
          <Other>
            <Verbosity>
              <ShowAll Value="True"/>
            </Verbosity>
            <ConfigFile>
              <ConfigFilePath Value="~/fpc/gitlab-cc/fpc.cfg"/>
            </ConfigFile>
            <CustomOptions Value="-Wpatmega328p
-XPavr-
-Sm
-Si
-dF_CPU:=16000000
-dBAUD:=115200"/>
            <CompilerPath Value="/home/christo/fpc/installs/lib/fpc/3.3.1/ppcrossavr"/>
            <ExecuteBefore>
              <Command Value="/home/christo/fpc/fpc-avr/src/scripts/run-simavr.sh $(targetfile)"/>
              <CompileReasons Compile="False" Build="False" Run="False"/>
            </ExecuteBefore>
            <ExecuteAfter>
              <Command Value="/home/christo/fpc/fpc-avr/src/scripts/listasm.sh $(targetfile).elf"/>
              <CompileReasons Run="False"/>
            </ExecuteAfter>
          </Other>
        </CompilerOptions>
      </Item2>
      <Item3 Name="tiny24">
        <CompilerOptions>
          <Version Value="11"/>
          <Target>
            <Filename Value="sampler" ApplyConventions="False"/>
          </Target>
          <SearchPaths>
            <IncludeFiles Value="$(ProjOutDir)"/>
            <OtherUnitFiles Value="../shared"/>
            <UnitOutputDirectory Value="lib/$(TargetCPU)-$(TargetOS)"/>
          </SearchPaths>
          <Parsing>
            <SyntaxOptions>
              <CStyleMacros Value="True"/>
            </SyntaxOptions>
          </Parsing>
          <CodeGeneration>
            <TargetCPU Value="avr"/>
            <TargetOS Value="embedded"/>
            <Optimizations>
              <OptimizationLevel Value="4"/>
            </Optimizations>
            <SmallerCode Value="True"/>
          </CodeGeneration>
          <Linking>
            <Debugging>
              <DebugInfoType Value="dsDwarf3"/>
              <UseLineInfoUnit Value="False"/>
            </Debugging>
          </Linking>
          <Other>
            <Verbosity>
              <ShowAll Value="True"/>
            </Verbosity>
            <WriteFPCLogo Value="False"/>
            <ConfigFile>
              <DontUseConfigFile Value="True"/>
              <CustomConfigFile Value="True"/>
              <ConfigFilePath Value="~/fpc/3.3.1/fpc.cfg"/>
            </ConfigFile>
            <CustomOptions Value="-Wpattiny24
-XPavr-
-Sm
-Si
-dF_CPU:=8000000
-dBAUD:=115200"/>
            <CompilerPath Value="/home/christo/fpc/3.3.1/compiler/ppcrossavr"/>
            <ExecuteBefore>
              <Command Value="/home/christo/fpc/fpc-avr/src/scripts/run-simavr.sh $(targetfile)"/>
              <CompileReasons Compile="False" Build="False" Run="False"/>
            </ExecuteBefore>
            <ExecuteAfter>
              <Command Value="/home/christo/fpc/fpc-avr/src/scripts/listasm.sh $(targetfile).elf"/>
              <CompileReasons Run="False"/>
            </ExecuteAfter>
          </Other>
        </CompilerOptions>
      </Item3>
      <Item4 Name="tiny45 - 3.2.2">
        <CompilerOptions>
          <Version Value="11"/>
          <Target>
            <Filename Value="sampler" ApplyConventions="False"/>
          </Target>
          <SearchPaths>
            <IncludeFiles Value="$(ProjOutDir)"/>
            <OtherUnitFiles Value="../shared"/>
            <UnitOutputDirectory Value="lib/$(TargetCPU)-$(TargetOS)"/>
          </SearchPaths>
          <Parsing>
            <SyntaxOptions>
              <CStyleMacros Value="True"/>
            </SyntaxOptions>
          </Parsing>
          <CodeGeneration>
            <TargetCPU Value="avr"/>
            <TargetOS Value="embedded"/>
            <Optimizations>
              <OptimizationLevel Value="4"/>
            </Optimizations>
            <SmallerCode Value="True"/>
          </CodeGeneration>
          <Linking>
            <Debugging>
              <DebugInfoType Value="dsDwarf3"/>
              <UseLineInfoUnit Value="False"/>
            </Debugging>
          </Linking>
          <Other>
            <Verbosity>
              <ShowAll Value="True"/>
            </Verbosity>
            <ConfigFile>
              <ConfigFilePath Value="~/fpc/3.3.1/fpc.cfg"/>
            </ConfigFile>
            <CustomOptions Value="-Wpattiny85
-XPavr-
-Sm
-Si
-dF_CPU:=8000000
-dBAUD:=115200"/>
            <CompilerPath Value="/home/christo/fpc/installs/lib/fpc/3.2.2/ppcrossavr"/>
            <ExecuteBefore>
              <Command Value="/home/christo/fpc/fpc-avr/src/scripts/run-simavr.sh $(targetfile)"/>
              <CompileReasons Compile="False" Build="False" Run="False"/>
            </ExecuteBefore>
            <ExecuteAfter>
              <Command Value="/home/christo/fpc/fpc-avr/src/scripts/listasm.sh $(targetfile).elf"/>
              <CompileReasons Run="False"/>
            </ExecuteAfter>
          </Other>
        </CompilerOptions>
      </Item4>
    </BuildModes>
    <PublishOptions>
      <Version Value="2"/>
    </PublishOptions>
    <RunParams>
      <FormatVersion Value="2"/>
      <Modes Count="1">
        <Mode0 Name="default"/>
      </Modes>
    </RunParams>
    <Units Count="4">
      <Unit0>
        <Filename Value="sampler.lpr"/>
        <IsPartOfProject Value="True"/>
      </Unit0>
      <Unit1>
        <Filename Value="../shared/commands.pas"/>
        <IsPartOfProject Value="True"/>
      </Unit1>
      <Unit2>
        <Filename Value="uart.pas"/>
        <IsPartOfProject Value="True"/>
      </Unit2>
      <Unit3>
        <Filename Value="samplesizecalc.inc"/>
        <IsPartOfProject Value="True"/>
      </Unit3>
    </Units>
  </ProjectOptions>
  <CompilerOptions>
    <Version Value="11"/>
    <Target>
      <Filename Value="sampler" ApplyConventions="False"/>
    </Target>
    <SearchPaths>
      <IncludeFiles Value="$(ProjOutDir)"/>
      <OtherUnitFiles Value="../shared"/>
      <UnitOutputDirectory Value="lib/$(TargetCPU)-$(TargetOS)"/>
    </SearchPaths>
    <Parsing>
      <SyntaxOptions>
        <CStyleMacros Value="True"/>
      </SyntaxOptions>
    </Parsing>
    <CodeGeneration>
      <TargetCPU Value="avr"/>
      <TargetOS Value="embedded"/>
      <Optimizations>
        <OptimizationLevel Value="4"/>
      </Optimizations>
      <SmallerCode Value="True"/>
    </CodeGeneration>
    <Linking>
      <Debugging>
        <DebugInfoType Value="dsDwarf3"/>
        <UseLineInfoUnit Value="False"/>
      </Debugging>
    </Linking>
    <Other>
      <Verbosity>
        <ShowAll Value="True"/>
      </Verbosity>
      <ConfigFile>
        <ConfigFilePath Value="~/fpc/3.3.1/fpc.cfg"/>
      </ConfigFile>
      <CustomOptions Value="-Wpattiny85
-XPavr-
-Sm
-Si
-Xm
-dF_CPU:=8000000
-dBAUD:=115200
-a"/>
      <CompilerPath Value="/home/christo/fpc/installs/lib/fpc/3.3.1/ppcrossavr"/>
      <ExecuteBefore>
        <Command Value="/home/christo/fpc/fpc-avr/src/scripts/run-simavr.sh $(targetfile)"/>
        <CompileReasons Compile="False" Build="False" Run="False"/>
      </ExecuteBefore>
      <ExecuteAfter>
        <Command Value="/home/christo/fpc/fpc-avr/src/scripts/listasm.sh $(targetfile).elf"/>
        <CompileReasons Run="False"/>
      </ExecuteAfter>
    </Other>
  </CompilerOptions>
  <Debugging>
    <Exceptions Count="3">
      <Item1>
        <Name Value="EAbort"/>
      </Item1>
      <Item2>
        <Name Value="ECodetoolError"/>
      </Item2>
      <Item3>
        <Name Value="EFOpenError"/>
      </Item3>
    </Exceptions>
  </Debugging>
</CONFIG>
