<?xml version="1.0" encoding="UTF-8"?>
<CONFIG>
  <ProjectOptions>
    <Version Value="11"/>
    <General>
      <Flags>
        <MainUnitHasCreateFormStatements Value="False"/>
        <MainUnitHasTitleStatement Value="False"/>
        <MainUnitHasScaledStatement Value="False"/>
      </Flags>
      <SessionStorage Value="InProjectDir"/>
      <MainUnit Value="0"/>
      <Title Value="sampler"/>
      <UseAppBundle Value="False"/>
      <ResourceType Value="res"/>
    </General>
    <BuildModes Count="1">
      <Item1 Name="Default" Default="True"/>
    </BuildModes>
    <PublishOptions>
      <Version Value="2"/>
    </PublishOptions>
    <RunParams>
      <FormatVersion Value="2"/>
      <Modes Count="1">
        <Mode0 Name="default"/>
      </Modes>
    </RunParams>
    <Units Count="2">
      <Unit0>
        <Filename Value="sampler.lpr"/>
        <IsPartOfProject Value="True"/>
      </Unit0>
      <Unit1>
        <Filename Value="../shared/commands.pas"/>
        <IsPartOfProject Value="True"/>
      </Unit1>
    </Units>
  </ProjectOptions>
  <CompilerOptions>
    <Version Value="11"/>
    <Target>
      <Filename Value="sampler" ApplyConventions="False"/>
    </Target>
    <SearchPaths>
      <IncludeFiles Value="$(ProjOutDir)"/>
      <OtherUnitFiles Value="../shared"/>
      <UnitOutputDirectory Value="lib/$(TargetCPU)-$(TargetOS)"/>
    </SearchPaths>
    <Parsing>
      <SyntaxOptions>
        <CStyleMacros Value="True"/>
      </SyntaxOptions>
    </Parsing>
    <CodeGeneration>
      <TargetCPU Value="avr"/>
      <TargetOS Value="embedded"/>
      <Optimizations>
        <OptimizationLevel Value="3"/>
      </Optimizations>
    </CodeGeneration>
    <Linking>
      <Debugging>
        <DebugInfoType Value="dsDwarf3"/>
        <UseLineInfoUnit Value="False"/>
      </Debugging>
      <Options>
        <PassLinkerOptions Value="True"/>
        <LinkerOptions Value="--undefined=_mmcu_ --undefined=_mmcu_data --section-start=.mmcu=0x910000"/>
      </Options>
    </Linking>
    <Other>
      <ConfigFile>
        <DontUseConfigFile Value="True"/>
        <CustomConfigFile Value="True"/>
        <ConfigFilePath Value="~/fpc/avr/fpc.cfg"/>
      </ConfigFile>
      <CustomOptions Value="-Wpatmega328p
-XPavr-
-Sm
-Si
-k'--undefined=_mmcu_ --section-start=.mmcu=0x910000'
-g
-al
-dF_CPU:=16000000"/>
      <CompilerPath Value="/home/christo/fpc/avr/compiler/ppcrossavr"/>
      <ExecuteBefore>
        <Command Value="/home/christo/fpc/fpc-avr/src/scripts/run-simavr.sh $(targetfile)"/>
        <CompileReasons Compile="False" Build="False" Run="False"/>
      </ExecuteBefore>
      <ExecuteAfter>
        <Command Value="/home/christo/fpc/fpc-avr/src/scripts/listasm.sh $(targetfile)"/>
        <CompileReasons Run="False"/>
      </ExecuteAfter>
    </Other>
  </CompilerOptions>
  <Debugging>
    <Exceptions Count="3">
      <Item1>
        <Name Value="EAbort"/>
      </Item1>
      <Item2>
        <Name Value="ECodetoolError"/>
      </Item2>
      <Item3>
        <Name Value="EFOpenError"/>
      </Item3>
    </Exceptions>
  </Debugging>
</CONFIG>
